{
    "_meta": {
        "hash": {
            "sha256": "6542f90a9d0b8eb19e89917eeb77f52be7764d5395ede2bc7d2d75a88d129aa4"
        },
        "pipfile-spec": 6,
        "requires": {
            "python_version": "3.6"
        },
        "sources": [
            {
                "name": "pypi",
                "url": "https://pypi.org/simple",
                "verify_ssl": true
            }
        ]
    },
    "default": {
        "beautifulsoup4": {
            "hashes": [
                "sha256:2545357585a6cc7d050d3c43a86eba2c0b91b9e7ac8a3965e64a6ead6a1a9a3d",
                "sha256:272081ad78c5495ba67083a0e50920163701fa6fe67fbb5eefeb21b5dd88c40b",
                "sha256:4ddc90ad88bccc005a71d8ef32f7b1cd8f935475cd561c4122b2f87de45d28ab",
                "sha256:5a3d659840960a4107047b6328d6d4cdaaee69939bf11adc07466a1856c99a80",
                "sha256:bd43a3b26d2886acd63070c43da821b60dea603eb6d45bab0294aac6129adbfa"
            ],
            "index": "pypi",
            "version": "==4.6.1"
        },
        "regex": {
            "hashes": [
                "sha256:116a15f36ea1acd705765f40c6ff5384fc20cbeb28f2a167a2a6a2517d592941",
                "sha256:1e90c3456fcec72a3a7d70b6152db2d8399e9561d95ec9f3c04470ae985186bf",
                "sha256:3c30e63fd0da414d1aa45524fcd342719636e2501716b55f5ee958d4e9751e32",
                "sha256:413098e01cfb07f1060234f01203f660a5cd8f30eade16db881ae3f4f7d0886f",
                "sha256:4d4582ab3664af721d16cc6b66181eb4bfcfed6ad32002094e7019607d05051a",
                "sha256:4d5cd5434c05dbb52cc6d368e47f83a012ad4074197b529adbba39d4cda90219",
                "sha256:5b58d9476166baf51eba6a686cff22668c764ae14a13566568afb9460506a2f4",
                "sha256:72a79b6bc599d628cd40cb948b6924b8070ef54af41135a03e8fe916d4a7f455",
                "sha256:749e164d836b9d2298f6ae7e7f0922f6ed0e507fd1cdce95586b827c19c0fe61",
                "sha256:753befa998d9f466b45ae5f695c83846ba17d6d4b832dea108a0747d4bce613b",
                "sha256:83a1877ff6972b94ba07cc33c994522aeba647e448e0cbed7ad128561fe15bfd",
                "sha256:9308dbce8e5ff4ee06b172a777f6c7f650a5835a5ad41a6080eb501639c27a2f",
                "sha256:9ad64244e980cec9adfd1b73da8d894dfc70552867f42171690b0a65ce665216",
                "sha256:b82e9d4d80614c2250a7c2aa1905a4b0f2671a01fce506bf85a0908987ee95c5",
                "sha256:f587a55aef1c6a8b4e527980049606278b32b826fb05386472d4e3994f538b28"
            ],
            "index": "pypi",
            "version": "==2018.7.11"
        }
    },
    "develop": {}
}
